
Microsoft Visual Studio Solution File, Format Version 12.00
# Visual Studio Version 16
VisualStudioVersion = 16.0.31112.23
MinimumVisualStudioVersion = 10.0.40219.1
Project("{FAE04EC0-301F-11D3-BF4B-00C04F79EFBC}") = "SICAP", "SICAP\SICAP.csproj", "{8C2F4235-B988-4ECB-A685-EC351A6A7013}"
EndProject
Global
	GlobalSection(SolutionConfigurationPlatforms) = preSolution
		Debug|Any CPU = Debug|Any CPU
		Release|Any CPU = Release|Any CPU
	EndGlobalSection
	GlobalSection(ProjectConfigurationPlatforms) = postSolution
		{8C2F4235-B988-4ECB-A685-EC351A6A7013}.Debug|Any CPU.ActiveCfg = Debug|Any CPU
		{8C2F4235-B988-4ECB-A685-EC351A6A7013}.Debug|Any CPU.Build.0 = Debug|Any CPU
		{8C2F4235-B988-4ECB-A685-EC351A6A7013}.Release|Any CPU.ActiveCfg = Release|Any CPU
		{8C2F4235-B988-4ECB-A685-EC351A6A7013}.Release|Any CPU.Build.0 = Release|Any CPU
	EndGlobalSection
	GlobalSection(SolutionProperties) = preSolution
		HideSolutionNode = FALSE
	EndGlobalSection
	GlobalSection(ExtensibilityGlobals) = postSolution
		SolutionGuid = {5D9459A5-AA22-4D7C-A29B-4C7CC83C1E32}
	EndGlobalSection
EndGlobal
